
Microsoft Visual Studio Solution File, Format Version 12.00
# Visual Studio Version 17
VisualStudioVersion = 17.9.34728.123
MinimumVisualStudioVersion = 10.0.40219.1
Project("{9A19103F-16F7-4668-BE54-9A1E7A4F7556}") = "Pornhub_downloader", "Pornhub_downloader\Pornhub_downloader.csproj", "{AAA71643-0497-42A6-B92A-9F847F227B66}"
EndProject
Global
	GlobalSection(SolutionConfigurationPlatforms) = preSolution
		Debug|Any CPU = Debug|Any CPU
		Debug|x64 = Debug|x64
		Release|Any CPU = Release|Any CPU
		Release|x64 = Release|x64
	EndGlobalSection
	GlobalSection(ProjectConfigurationPlatforms) = postSolution
		{AAA71643-0497-42A6-B92A-9F847F227B66}.Debug|Any CPU.ActiveCfg = Debug|Any CPU
		{AAA71643-0497-42A6-B92A-9F847F227B66}.Debug|Any CPU.Build.0 = Debug|Any CPU
		{AAA71643-0497-42A6-B92A-9F847F227B66}.Debug|x64.ActiveCfg = Debug|x64
		{AAA71643-0497-42A6-B92A-9F847F227B66}.Debug|x64.Build.0 = Debug|x64
		{AAA71643-0497-42A6-B92A-9F847F227B66}.Release|Any CPU.ActiveCfg = Release|Any CPU
		{AAA71643-0497-42A6-B92A-9F847F227B66}.Release|Any CPU.Build.0 = Release|Any CPU
		{AAA71643-0497-42A6-B92A-9F847F227B66}.Release|x64.ActiveCfg = Release|x64
		{AAA71643-0497-42A6-B92A-9F847F227B66}.Release|x64.Build.0 = Release|x64
	EndGlobalSection
	GlobalSection(SolutionProperties) = preSolution
		HideSolutionNode = FALSE
	EndGlobalSection
	GlobalSection(ExtensibilityGlobals) = postSolution
		SolutionGuid = {8EB12A73-AC7F-4BDE-9D05-956E27662A02}
	EndGlobalSection
EndGlobal
